
Microsoft Visual Studio Solution File, Format Version 12.00
# Visual Studio Version 17
VisualStudioVersion = 17.9.34728.123
MinimumVisualStudioVersion = 10.0.40219.1
Project("{FAE04EC0-301F-11D3-BF4B-00C04F79EFBC}") = "LibriGenie.Workers", "LibriGenie.Workers\LibriGenie.Workers.csproj", "{9450A5F0-9F18-4F8F-963E-33FCB7546A6B}"
EndProject
Global
	GlobalSection(SolutionConfigurationPlatforms) = preSolution
		Debug|Any CPU = Debug|Any CPU
		Release|Any CPU = Release|Any CPU
	EndGlobalSection
	GlobalSection(ProjectConfigurationPlatforms) = postSolution
		{9450A5F0-9F18-4F8F-963E-33FCB7546A6B}.Debug|Any CPU.ActiveCfg = Debug|Any CPU
		{9450A5F0-9F18-4F8F-963E-33FCB7546A6B}.Debug|Any CPU.Build.0 = Debug|Any CPU
		{9450A5F0-9F18-4F8F-963E-33FCB7546A6B}.Release|Any CPU.ActiveCfg = Release|Any CPU
		{9450A5F0-9F18-4F8F-963E-33FCB7546A6B}.Release|Any CPU.Build.0 = Release|Any CPU
	EndGlobalSection
	GlobalSection(SolutionProperties) = preSolution
		HideSolutionNode = FALSE
	EndGlobalSection
	GlobalSection(ExtensibilityGlobals) = postSolution
		SolutionGuid = {F9BA2EBB-7CA9-4F03-BE87-C6D2BA9D0A12}
	EndGlobalSection
EndGlobal
